<?xml version="1.0" encoding="utf-8"?>
<Project ToolsVersion="4.0" xmlns="http://schemas.microsoft.com/developer/msbuild/2003">
  <ItemGroup>
    <Filter Include="Source Files">
      <UniqueIdentifier>{4FC737F1-D7A5-4376-A066-2A32D752A2F0}</UniqueIdentifier>
      <Extensions>cpp;c;cc;cxx;def;odl;idl;hpj;bat;asm;asmx</Extensions>
    </Filter>
    <Filter Include="Header Files">
      <UniqueIdentifier>{93995380-99BD-4b04-88EB-625FBE52EBFC}</UniqueIdentifier>
      <Extensions>h;hpp;hxx;hm;inl;inc;xsd</Extensions>
    </Filter>
    <Filter Include="Arch Files">
      <UniqueIdentifier>{619c5463-9766-4b80-b04d-ee90dfa5d5c1}</UniqueIdentifier>
    </Filter>
    <Filter Include="Arch Files\x86">
      <UniqueIdentifier>{21da1601-34bc-4947-8a37-64dd57d09656}</UniqueIdentifier>
    </Filter>
    <Filter Include="Arch Files\x64">
      <UniqueIdentifier>{012cde2c-75e8-4dff-8242-eaed89caf17d}</UniqueIdentifier>
    </Filter>
  </ItemGroup>
  <ItemGroup>
    <ClInclude Include="StdAfx.h">
      <Filter>Header Files</Filter>
    </ClInclude>
    <ClInclude Include="GuidDefine.h">
      <Filter>Header Files</Filter>
    </ClInclude>
    <ClInclude Include="RuntimeLib.h">
      <Filter>Header Files</Filter>
    </ClInclude>
    <ClInclude Include="BootDebugger.h">
      <Filter>Header Files</Filter>
    </ClInclude>
    <ClInclude Include="BootDebuggerPrivate.h">
      <Filter>Header Files</Filter>
    </ClInclude>
    <ClInclude Include="x86\ArchDefine.h">
      <Filter>Arch Files\x86</Filter>
    </ClInclude>
    <ClInclude Include="x64\ArchDefine.h">
      <Filter>Arch Files\x64</Filter>
    </ClInclude>
    <ClInclude Include="Debug1394.h">
      <Filter>Header Files</Filter>
    </ClInclude>
    <ClInclude Include="ArchUtils.h">
      <Filter>Header Files</Filter>
    </ClInclude>
    <ClInclude Include="Memory.h">
      <Filter>Header Files</Filter>
    </ClInclude>
    <ClInclude Include="MiscUtils.h">
      <Filter>Header Files</Filter>
    </ClInclude>
    <ClInclude Include="PeImage.h">
      <Filter>Header Files</Filter>
    </ClInclude>
    <ClInclude Include="Crc32.h">
      <Filter>Header Files</Filter>
    </ClInclude>
    <ClInclude Include="DeviceTree.h">
      <Filter>Header Files</Filter>
    </ClInclude>
    <ClInclude Include="DevicePath.h">
      <Filter>Header Files</Filter>
    </ClInclude>
    <ClInclude Include="DebugUsb.h">
      <Filter>Header Files</Filter>
    </ClInclude>
    <ClInclude Include="FileIo.h">
      <Filter>Header Files</Filter>
    </ClInclude>
    <ClInclude Include="MD5.h">
      <Filter>Header Files</Filter>
    </ClInclude>
    <ClInclude Include="MachO.h">
      <Filter>Header Files</Filter>
    </ClInclude>
    <ClInclude Include="AcpiUtils.h">
      <Filter>Header Files</Filter>
    </ClInclude>
    <ClInclude Include="PlatformExpert.h">
      <Filter>Header Files</Filter>
    </ClInclude>
    <ClInclude Include="NetBoot.h">
      <Filter>Header Files</Filter>
    </ClInclude>
    <ClInclude Include="MemoryMap.h">
      <Filter>Header Files</Filter>
    </ClInclude>
    <ClInclude Include="Config.h">
      <Filter>Header Files</Filter>
    </ClInclude>
    <ClInclude Include="LoadKernel.h">
      <Filter>Header Files</Filter>
    </ClInclude>
    <ClInclude Include="LoadDrivers.h">
      <Filter>Header Files</Filter>
    </ClInclude>
    <ClInclude Include="Options.h">
      <Filter>Header Files</Filter>
    </ClInclude>
    <ClInclude Include="Console.h">
      <Filter>Header Files</Filter>
    </ClInclude>
    <ClInclude Include="BootArgs.h">
      <Filter>Header Files</Filter>
    </ClInclude>
    <ClInclude Include="PictData.h">
      <Filter>Header Files</Filter>
    </ClInclude>
    <ClInclude Include="PanicDialog.h">
      <Filter>Header Files</Filter>
    </ClInclude>
    <ClInclude Include="Hibernate.h">
      <Filter>Header Files</Filter>
    </ClInclude>
    <ClInclude Include="FileVault.h">
      <Filter>Header Files</Filter>
    </ClInclude>
    <ClInclude Include="SHA256.h">
      <Filter>Header Files</Filter>
    </ClInclude>
    <ClInclude Include="Base64.h">
      <Filter>Header Files</Filter>
    </ClInclude>
  </ItemGroup>
  <ItemGroup>
    <ClCompile Include="StdAfx.cpp">
      <Filter>Source Files</Filter>
    </ClCompile>
    <ClCompile Include="Main.cpp">
      <Filter>Source Files</Filter>
    </ClCompile>
    <ClCompile Include="GuidDefine.cpp">
      <Filter>Source Files</Filter>
    </ClCompile>
    <ClCompile Include="RuntimeLib.cpp">
      <Filter>Source Files</Filter>
    </ClCompile>
    <ClCompile Include="BootDebugger.cpp">
      <Filter>Source Files</Filter>
    </ClCompile>
    <ClCompile Include="Debug1394.cpp">
      <Filter>Source Files</Filter>
    </ClCompile>
    <ClCompile Include="Memory.cpp">
      <Filter>Source Files</Filter>
    </ClCompile>
    <ClCompile Include="MiscUtils.cpp">
      <Filter>Source Files</Filter>
    </ClCompile>
    <ClCompile Include="PeImage.cpp">
      <Filter>Source Files</Filter>
    </ClCompile>
    <ClCompile Include="Crc32.cpp">
      <Filter>Source Files</Filter>
    </ClCompile>
    <ClCompile Include="DeviceTree.cpp">
      <Filter>Source Files</Filter>
    </ClCompile>
    <ClCompile Include="DevicePath.cpp">
      <Filter>Source Files</Filter>
    </ClCompile>
    <ClCompile Include="DebugUsb.cpp">
      <Filter>Source Files</Filter>
    </ClCompile>
    <ClCompile Include="FileIo.cpp">
      <Filter>Source Files</Filter>
    </ClCompile>
    <ClCompile Include="MD5.cpp">
      <Filter>Source Files</Filter>
    </ClCompile>
    <ClCompile Include="MachO.cpp">
      <Filter>Source Files</Filter>
    </ClCompile>
    <ClCompile Include="AcpiUtils.cpp">
      <Filter>Source Files</Filter>
    </ClCompile>
    <ClCompile Include="PlatformExpert.cpp">
      <Filter>Source Files</Filter>
    </ClCompile>
    <ClCompile Include="NetBoot.cpp">
      <Filter>Source Files</Filter>
    </ClCompile>
    <ClCompile Include="MemoryMap.cpp">
      <Filter>Source Files</Filter>
    </ClCompile>
    <ClCompile Include="Config.cpp">
      <Filter>Source Files</Filter>
    </ClCompile>
    <ClCompile Include="LoadKernel.cpp">
      <Filter>Source Files</Filter>
    </ClCompile>
    <ClCompile Include="LoadDrivers.cpp">
      <Filter>Source Files</Filter>
    </ClCompile>
    <ClCompile Include="Options.cpp">
      <Filter>Source Files</Filter>
    </ClCompile>
    <ClCompile Include="Console.cpp">
      <Filter>Source Files</Filter>
    </ClCompile>
    <ClCompile Include="BootArgs.cpp">
      <Filter>Source Files</Filter>
    </ClCompile>
    <ClCompile Include="PanicDialog.cpp">
      <Filter>Source Files</Filter>
    </ClCompile>
    <ClCompile Include="Hibernate.cpp">
      <Filter>Source Files</Filter>
    </ClCompile>
    <ClCompile Include="FileVault.cpp">
      <Filter>Source Files</Filter>
    </ClCompile>
    <ClCompile Include="SHA256.cpp">
      <Filter>Source Files</Filter>
    </ClCompile>
    <ClCompile Include="Base64.cpp">
      <Filter>Source Files</Filter>
    </ClCompile>
    <ClCompile Include="x64\ArchUtilsX64.cpp">
      <Filter>Arch Files\x64</Filter>
    </ClCompile>
    <ClCompile Include="x64\DebuggerUtilsX64.cpp">
      <Filter>Arch Files\x64</Filter>
    </ClCompile>
    <ClCompile Include="x86\ArchUtilsX86.cpp">
      <Filter>Arch Files\x86</Filter>
    </ClCompile>
    <ClCompile Include="x86\CompilerX86.cpp">
      <Filter>Arch Files\x86</Filter>
    </ClCompile>
    <ClCompile Include="x86\DebuggerUtilsX86.cpp">
      <Filter>Arch Files\x86</Filter>
    </ClCompile>
    <ClCompile Include="x86\Thunk64.cpp">
      <Filter>Arch Files\x86</Filter>
    </ClCompile>
  </ItemGroup>
  <ItemGroup>
    <CustomBuild Include="x64\PortRegisterIo.asm">
      <Filter>Arch Files\x64</Filter>
    </CustomBuild>
    <CustomBuild Include="x64\DebugTrap.asm">
      <Filter>Arch Files\x64</Filter>
    </CustomBuild>
    <CustomBuild Include="x64\TransferRoutine.asm">
      <Filter>Arch Files\x64</Filter>
    </CustomBuild>
    <CustomBuild Include="x86\ThunkCode32.asm">
      <Filter>Arch Files\x86</Filter>
    </CustomBuild>
    <CustomBuild Include="x86\ThunkCode64.asm">
      <Filter>Arch Files\x86</Filter>
    </CustomBuild>
    <CustomBuild Include="x64\CompilerX64.asm">
      <Filter>Arch Files\x64</Filter>
    </CustomBuild>
  </ItemGroup>
  <ItemGroup>
    <None Include="x64\Common.inc">
      <Filter>Arch Files\x64</Filter>
    </None>
  </ItemGroup>
</Project>